# THIS IS AN AUTOGENERATED FILE. DO NOT EDIT THIS FILE DIRECTLY.
# yarn lockfile v1


"@types/estree@0.0.39":
  version "0.0.39"
  resolved "https://registry.npm.taobao.org/@types/estree/download/@types/estree-0.0.39.tgz#e177e699ee1b8c22d23174caaa7422644389509f"
  integrity sha1-4Xfmme4bjCLSMXTKqnQiZEOJUJ8=

"@types/jquery@^3.3.30":
  version "3.3.30"
  resolved "https://registry.npm.taobao.org/@types/jquery/download/@types/jquery-3.3.30.tgz#af4ad612d86d954d74664b2b0ec337a251fddb5b"
  integrity sha1-r0rWEthtlU10ZksrDsM3olH921s=
  dependencies:
    "@types/sizzle" "*"

"@types/node@*", "@types/node@^12.0.10":
  version "12.6.2"
  resolved "https://registry.npm.taobao.org/@types/node/download/@types/node-12.6.2.tgz?cache=0&sync_timestamp=1562743044136&other_urls=https%3A%2F%2Fregistry.npm.taobao.org%2F%40types%2Fnode%2Fdownload%2F%40types%2Fnode-12.6.2.tgz#a5ccec6abb6060d5f20d256fb03ed743e9774999"
  integrity sha1-pczsartgYNXyDSVvsD7XQ+l3SZk=

"@types/resolve@0.0.8":
  version "0.0.8"
  resolved "https://registry.npm.taobao.org/@types/resolve/download/@types/resolve-0.0.8.tgz#f26074d238e02659e323ce1a13d041eee280e194"
  integrity sha1-8mB00jjgJlnjI84aE9BB7uKA4ZQ=
  dependencies:
    "@types/node" "*"

"@types/sizzle@*":
  version "2.3.2"
  resolved "https://registry.npm.taobao.org/@types/sizzle/download/@types/sizzle-2.3.2.tgz#a811b8c18e2babab7d542b3365887ae2e4d9de47"
  integrity sha1-qBG4wY4rq6t9VCszZYh64uTZ3kc=

acorn@^6.1.1:
  version "6.2.0"
  resolved "https://registry.npm.taobao.org/acorn/download/acorn-6.2.0.tgz?cache=0&other_urls=https%3A%2F%2Fregistry.npm.taobao.org%2Facorn%2Fdownload%2Facorn-6.2.0.tgz#67f0da2fc339d6cfb5d6fb244fd449f33cd8bbe3"
  integrity sha1-Z/DaL8M51s+11vskT9RJ8zzYu+M=

builtin-modules@^3.1.0:
  version "3.1.0"
  resolved "https://registry.npm.taobao.org/builtin-modules/download/builtin-modules-3.1.0.tgz#aad97c15131eb76b65b50ef208e7584cd76a7484"
  integrity sha1-qtl8FRMet2tltQ7yCOdYTNdqdIQ=

estree-walker@^0.6.1:
  version "0.6.1"
  resolved "https://registry.npm.taobao.org/estree-walker/download/estree-walker-0.6.1.tgz#53049143f40c6eb918b23671d1fe3219f3a1b362"
  integrity sha1-UwSRQ/QMbrkYsjZx0f4yGfOhs2I=

is-module@^1.0.0:
  version "1.0.0"
  resolved "https://registry.npm.taobao.org/is-module/download/is-module-1.0.0.tgz#3258fb69f78c14d5b815d664336b4cffb6441591"
  integrity sha1-Mlj7afeMFNW4FdZkM2tM/7ZEFZE=

is-reference@^1.1.2:
  version "1.1.3"
  resolved "https://registry.npm.taobao.org/is-reference/download/is-reference-1.1.3.tgz#e99059204b66fdbe09305cfca715a29caa5c8a51"
  integrity sha1-6ZBZIEtm/b4JMFz8pxWinKpcilE=
  dependencies:
    "@types/estree" "0.0.39"

jquery@^3.4.1:
  version "3.4.1"
  resolved "https://registry.npm.taobao.org/jquery/download/jquery-3.4.1.tgz#714f1f8d9dde4bdfa55764ba37ef214630d80ef2"
  integrity sha1-cU8fjZ3eS9+lV2S6N+8hRjDYDvI=

magic-string@^0.25.2:
  version "0.25.3"
  resolved "https://registry.npm.taobao.org/magic-string/download/magic-string-0.25.3.tgz#34b8d2a2c7fec9d9bdf9929a3fd81d271ef35be9"
  integrity sha1-NLjSosf+ydm9+ZKaP9gdJx7zW+k=
  dependencies:
    sourcemap-codec "^1.4.4"

path-parse@^1.0.6:
  version "1.0.6"
  resolved "https://registry.npm.taobao.org/path-parse/download/path-parse-1.0.6.tgz#d62dbb5679405d72c4737ec58600e9ddcf06d24c"
  integrity sha1-1i27VnlAXXLEc37FhgDp3c8G0kw=

resolve@^1.10.0, resolve@^1.11.0, resolve@^1.11.1:
  version "1.11.1"
  resolved "https://registry.npm.taobao.org/resolve/download/resolve-1.11.1.tgz?cache=0&other_urls=https%3A%2F%2Fregistry.npm.taobao.org%2Fresolve%2Fdownload%2Fresolve-1.11.1.tgz#ea10d8110376982fef578df8fc30b9ac30a07a3e"
  integrity sha1-6hDYEQN2mC/vV434/DC5rDCgej4=
  dependencies:
    path-parse "^1.0.6"

rollup-plugin-commonjs@^10.0.1:
  version "10.0.1"
  resolved "https://registry.npm.taobao.org/rollup-plugin-commonjs/download/rollup-plugin-commonjs-10.0.1.tgz?cache=0&other_urls=https%3A%2F%2Fregistry.npm.taobao.org%2Frollup-plugin-commonjs%2Fdownload%2Frollup-plugin-commonjs-10.0.1.tgz#fbfcadf4ce2e826068e056a9f5c19287d9744ddf"
  integrity sha1-+/yt9M4ugmBo4Fap9cGSh9l0Td8=
  dependencies:
    estree-walker "^0.6.1"
    is-reference "^1.1.2"
    magic-string "^0.25.2"
    resolve "^1.11.0"
    rollup-pluginutils "^2.8.1"

rollup-plugin-node-resolve@^5.2.0:
  version "5.2.0"
  resolved "https://registry.npm.taobao.org/rollup-plugin-node-resolve/download/rollup-plugin-node-resolve-5.2.0.tgz?cache=0&other_urls=https%3A%2F%2Fregistry.npm.taobao.org%2Frollup-plugin-node-resolve%2Fdownload%2Frollup-plugin-node-resolve-5.2.0.tgz#730f93d10ed202473b1fb54a5997a7db8c6d8523"
  integrity sha1-cw+T0Q7SAkc7H7VKWZen24xthSM=
  dependencies:
    "@types/resolve" "0.0.8"
    builtin-modules "^3.1.0"
    is-module "^1.0.0"
    resolve "^1.11.1"
    rollup-pluginutils "^2.8.1"

rollup-plugin-typescript@^1.0.1:
  version "1.0.1"
  resolved "https://registry.npm.taobao.org/rollup-plugin-typescript/download/rollup-plugin-typescript-1.0.1.tgz#86565033b714c3d1f3aba510aad3dc519f7091e9"
  integrity sha1-hlZQM7cUw9Hzq6UQqtPcUZ9wkek=
  dependencies:
    resolve "^1.10.0"
    rollup-pluginutils "^2.5.0"

rollup-pluginutils@^2.5.0, rollup-pluginutils@^2.8.1:
  version "2.8.1"
  resolved "https://registry.npm.taobao.org/rollup-pluginutils/download/rollup-pluginutils-2.8.1.tgz?cache=0&other_urls=https%3A%2F%2Fregistry.npm.taobao.org%2Frollup-pluginutils%2Fdownload%2Frollup-pluginutils-2.8.1.tgz#8fa6dd0697344938ef26c2c09d2488ce9e33ce97"
  integrity sha1-j6bdBpc0STjvJsLAnSSIzp4zzpc=
  dependencies:
    estree-walker "^0.6.1"

rollup@^1.16.7:
  version "1.16.7"
  resolved "https://registry.npm.taobao.org/rollup/download/rollup-1.16.7.tgz?cache=0&other_urls=https%3A%2F%2Fregistry.npm.taobao.org%2Frollup%2Fdownload%2Frollup-1.16.7.tgz#4b539ca22465df39f6c963d2001d95f6527e97e1"
  integrity sha1-S1OcoiRl3zn2yWPSAB2V9lJ+l+E=
  dependencies:
    "@types/estree" "0.0.39"
    "@types/node" "^12.0.10"
    acorn "^6.1.1"

sourcemap-codec@^1.4.4:
  version "1.4.6"
  resolved "https://registry.npm.taobao.org/sourcemap-codec/download/sourcemap-codec-1.4.6.tgz?cache=0&other_urls=https%3A%2F%2Fregistry.npm.taobao.org%2Fsourcemap-codec%2Fdownload%2Fsourcemap-codec-1.4.6.tgz#e30a74f0402bad09807640d39e971090a08ce1e9"
  integrity sha1-4wp08EArrQmAdkDTnpcQkKCM4ek=

tslib@^1.10.0:
  version "1.10.0"
  resolved "https://registry.npm.taobao.org/tslib/download/tslib-1.10.0.tgz?cache=0&other_urls=https%3A%2F%2Fregistry.npm.taobao.org%2Ftslib%2Fdownload%2Ftslib-1.10.0.tgz#c3c19f95973fb0a62973fb09d90d961ee43e5c8a"
  integrity sha1-w8GflZc/sKYpc/sJ2Q2WHuQ+XIo=

typescript@^3.5.3:
  version "3.5.3"
  resolved "https://registry.npm.taobao.org/typescript/download/typescript-3.5.3.tgz#c830f657f93f1ea846819e929092f5fe5983e977"
  integrity sha1-yDD2V/k/HqhGgZ6SkJL1/lmD6Xc=
